
Microsoft Visual Studio Solution File, Format Version 12.00
# Visual Studio Version 17
VisualStudioVersion = 17.3.32922.545
MinimumVisualStudioVersion = 10.0.40219.1
Project("{9A19103F-16F7-4668-BE54-9A1E7A4F7556}") = "M02_Grundlagen", "HelloWorld\M02_Grundlagen.csproj", "{03FC55D9-F763-47B5-BF8A-E02A874EF5AD}"
EndProject
Project("{9A19103F-16F7-4668-BE54-9A1E7A4F7556}") = "L02_Geschwindigkeiten", "Geschwindigkeiten\L02_Geschwindigkeiten.csproj", "{0947DEB2-8924-45B1-BFB7-69615A64788E}"
EndProject
Project("{9A19103F-16F7-4668-BE54-9A1E7A4F7556}") = "M03_Arrays_Bedingungen", "Arrays_Bedingungen\M03_Arrays_Bedingungen.csproj", "{1F0206A4-1005-484F-A535-ED20F78E2F61}"
EndProject
Project("{9A19103F-16F7-4668-BE54-9A1E7A4F7556}") = "L03_Schaltjahrrechner_MiniLotto", "Schaltjahrrechner_MiniLotto\L03_Schaltjahrrechner_MiniLotto.csproj", "{A5E8C76C-8719-4E24-BD7A-046179A89EEB}"
EndProject
Project("{9A19103F-16F7-4668-BE54-9A1E7A4F7556}") = "M04_Schleifen_Enums", "Schleifen_Enums\M04_Schleifen_Enums.csproj", "{D9763DF2-6B1E-43BF-9023-9F0B9AB64C43}"
EndProject
Project("{9A19103F-16F7-4668-BE54-9A1E7A4F7556}") = "L04f_Taschenrechner", "Taschenrechner\L04f_Taschenrechner.csproj", "{5AFD2514-BFD6-45EC-99AC-6B297D612E63}"
EndProject
Project("{9A19103F-16F7-4668-BE54-9A1E7A4F7556}") = "M05_Funktionen", "Funktionen\M05_Funktionen.csproj", "{F6D31AF6-F726-4303-9777-082166423803}"
EndProject
Project("{9A19103F-16F7-4668-BE54-9A1E7A4F7556}") = "M06f_OOP_Beispiel", "OOP_Beispiel\M06f_OOP_Beispiel.csproj", "{84EEBC00-89F5-46BE-A6C6-E64B87F883CD}"
EndProject
Project("{9A19103F-16F7-4668-BE54-9A1E7A4F7556}") = "M06f_TesteOOP", "TesteOOP\M06f_TesteOOP.csproj", "{50479F20-0F2D-4DA2-865E-4FB55C958E8E}"
EndProject
Project("{9A19103F-16F7-4668-BE54-9A1E7A4F7556}") = "L06f_Fahrzeugpark", "Fahrzeugpark\L06f_Fahrzeugpark.csproj", "{65249726-8C16-468A-914E-6F00331315BC}"
EndProject
Project("{9A19103F-16F7-4668-BE54-9A1E7A4F7556}") = "M07_Werte_VS_Referenzen", "Werte_VS_Referenzen\M07_Werte_VS_Referenzen.csproj", "{8D6B7584-DAAE-443F-920B-7404C3F2CDA6}"
EndProject
Project("{9A19103F-16F7-4668-BE54-9A1E7A4F7556}") = "M11_GenerischeListen", "GenerischeListen\M11_GenerischeListen.csproj", "{B445A3F9-C053-47CA-925F-E0B52C4B3678}"
EndProject
Project("{FAE04EC0-301F-11D3-BF4B-00C04F79EFBC}") = "M12_ExceptionHandling", "ExceptionHandling\M12_ExceptionHandling.csproj", "{73ED7542-8B45-4AE2-AF3B-611F5CD9F963}"
EndProject
Project("{FAE04EC0-301F-11D3-BF4B-00C04F79EFBC}") = "M12_UnitTests", "UnitTests\M12_UnitTests.csproj", "{048B61F5-C707-43C8-A627-776B008EB03C}"
EndProject
Project("{FAE04EC0-301F-11D3-BF4B-00C04F79EFBC}") = "L12_ExceptionLab", "ExceptionLab\L12_ExceptionLab.csproj", "{81FF0440-BF0E-47E3-9CA2-31E260627A71}"
EndProject
Project("{FAE04EC0-301F-11D3-BF4B-00C04F79EFBC}") = "M13_Delegates", "Delegates\M13_Delegates.csproj", "{C3716F30-1E77-4611-8096-D07E9671E8F5}"
EndProject
Project("{FAE04EC0-301F-11D3-BF4B-00C04F79EFBC}") = "M14_WinForms", "WinForms\M14_WinForms.csproj", "{B6B04F3A-B783-4DC5-9ABB-99D1DAE9C135}"
EndProject
Project("{FAE04EC0-301F-11D3-BF4B-00C04F79EFBC}") = "Lab14_FahrzeugGUI", "FahrzeugGUI\Lab14_FahrzeugGUI.csproj", "{4696F083-D6C1-46E1-948C-1CFDB59EE537}"
EndProject
Global
	GlobalSection(SolutionConfigurationPlatforms) = preSolution
		Debug|Any CPU = Debug|Any CPU
		Release|Any CPU = Release|Any CPU
	EndGlobalSection
	GlobalSection(ProjectConfigurationPlatforms) = postSolution
		{03FC55D9-F763-47B5-BF8A-E02A874EF5AD}.Debug|Any CPU.ActiveCfg = Debug|Any CPU
		{03FC55D9-F763-47B5-BF8A-E02A874EF5AD}.Debug|Any CPU.Build.0 = Debug|Any CPU
		{03FC55D9-F763-47B5-BF8A-E02A874EF5AD}.Release|Any CPU.ActiveCfg = Release|Any CPU
		{03FC55D9-F763-47B5-BF8A-E02A874EF5AD}.Release|Any CPU.Build.0 = Release|Any CPU
		{0947DEB2-8924-45B1-BFB7-69615A64788E}.Debug|Any CPU.ActiveCfg = Debug|Any CPU
		{0947DEB2-8924-45B1-BFB7-69615A64788E}.Debug|Any CPU.Build.0 = Debug|Any CPU
		{0947DEB2-8924-45B1-BFB7-69615A64788E}.Release|Any CPU.ActiveCfg = Release|Any CPU
		{0947DEB2-8924-45B1-BFB7-69615A64788E}.Release|Any CPU.Build.0 = Release|Any CPU
		{1F0206A4-1005-484F-A535-ED20F78E2F61}.Debug|Any CPU.ActiveCfg = Debug|Any CPU
		{1F0206A4-1005-484F-A535-ED20F78E2F61}.Debug|Any CPU.Build.0 = Debug|Any CPU
		{1F0206A4-1005-484F-A535-ED20F78E2F61}.Release|Any CPU.ActiveCfg = Release|Any CPU
		{1F0206A4-1005-484F-A535-ED20F78E2F61}.Release|Any CPU.Build.0 = Release|Any CPU
		{A5E8C76C-8719-4E24-BD7A-046179A89EEB}.Debug|Any CPU.ActiveCfg = Debug|Any CPU
		{A5E8C76C-8719-4E24-BD7A-046179A89EEB}.Debug|Any CPU.Build.0 = Debug|Any CPU
		{A5E8C76C-8719-4E24-BD7A-046179A89EEB}.Release|Any CPU.ActiveCfg = Release|Any CPU
		{A5E8C76C-8719-4E24-BD7A-046179A89EEB}.Release|Any CPU.Build.0 = Release|Any CPU
		{D9763DF2-6B1E-43BF-9023-9F0B9AB64C43}.Debug|Any CPU.ActiveCfg = Debug|Any CPU
		{D9763DF2-6B1E-43BF-9023-9F0B9AB64C43}.Debug|Any CPU.Build.0 = Debug|Any CPU
		{D9763DF2-6B1E-43BF-9023-9F0B9AB64C43}.Release|Any CPU.ActiveCfg = Release|Any CPU
		{D9763DF2-6B1E-43BF-9023-9F0B9AB64C43}.Release|Any CPU.Build.0 = Release|Any CPU
		{5AFD2514-BFD6-45EC-99AC-6B297D612E63}.Debug|Any CPU.ActiveCfg = Debug|Any CPU
		{5AFD2514-BFD6-45EC-99AC-6B297D612E63}.Debug|Any CPU.Build.0 = Debug|Any CPU
		{5AFD2514-BFD6-45EC-99AC-6B297D612E63}.Release|Any CPU.ActiveCfg = Release|Any CPU
		{5AFD2514-BFD6-45EC-99AC-6B297D612E63}.Release|Any CPU.Build.0 = Release|Any CPU
		{F6D31AF6-F726-4303-9777-082166423803}.Debug|Any CPU.ActiveCfg = Debug|Any CPU
		{F6D31AF6-F726-4303-9777-082166423803}.Debug|Any CPU.Build.0 = Debug|Any CPU
		{F6D31AF6-F726-4303-9777-082166423803}.Release|Any CPU.ActiveCfg = Release|Any CPU
		{F6D31AF6-F726-4303-9777-082166423803}.Release|Any CPU.Build.0 = Release|Any CPU
		{84EEBC00-89F5-46BE-A6C6-E64B87F883CD}.Debug|Any CPU.ActiveCfg = Debug|Any CPU
		{84EEBC00-89F5-46BE-A6C6-E64B87F883CD}.Debug|Any CPU.Build.0 = Debug|Any CPU
		{84EEBC00-89F5-46BE-A6C6-E64B87F883CD}.Release|Any CPU.ActiveCfg = Release|Any CPU
		{84EEBC00-89F5-46BE-A6C6-E64B87F883CD}.Release|Any CPU.Build.0 = Release|Any CPU
		{50479F20-0F2D-4DA2-865E-4FB55C958E8E}.Debug|Any CPU.ActiveCfg = Debug|Any CPU
		{50479F20-0F2D-4DA2-865E-4FB55C958E8E}.Debug|Any CPU.Build.0 = Debug|Any CPU
		{50479F20-0F2D-4DA2-865E-4FB55C958E8E}.Release|Any CPU.ActiveCfg = Release|Any CPU
		{50479F20-0F2D-4DA2-865E-4FB55C958E8E}.Release|Any CPU.Build.0 = Release|Any CPU
		{65249726-8C16-468A-914E-6F00331315BC}.Debug|Any CPU.ActiveCfg = Debug|Any CPU
		{65249726-8C16-468A-914E-6F00331315BC}.Debug|Any CPU.Build.0 = Debug|Any CPU
		{65249726-8C16-468A-914E-6F00331315BC}.Release|Any CPU.ActiveCfg = Release|Any CPU
		{65249726-8C16-468A-914E-6F00331315BC}.Release|Any CPU.Build.0 = Release|Any CPU
		{8D6B7584-DAAE-443F-920B-7404C3F2CDA6}.Debug|Any CPU.ActiveCfg = Debug|Any CPU
		{8D6B7584-DAAE-443F-920B-7404C3F2CDA6}.Debug|Any CPU.Build.0 = Debug|Any CPU
		{8D6B7584-DAAE-443F-920B-7404C3F2CDA6}.Release|Any CPU.ActiveCfg = Release|Any CPU
		{8D6B7584-DAAE-443F-920B-7404C3F2CDA6}.Release|Any CPU.Build.0 = Release|Any CPU
		{B445A3F9-C053-47CA-925F-E0B52C4B3678}.Debug|Any CPU.ActiveCfg = Debug|Any CPU
		{B445A3F9-C053-47CA-925F-E0B52C4B3678}.Debug|Any CPU.Build.0 = Debug|Any CPU
		{B445A3F9-C053-47CA-925F-E0B52C4B3678}.Release|Any CPU.ActiveCfg = Release|Any CPU
		{B445A3F9-C053-47CA-925F-E0B52C4B3678}.Release|Any CPU.Build.0 = Release|Any CPU
		{73ED7542-8B45-4AE2-AF3B-611F5CD9F963}.Debug|Any CPU.ActiveCfg = Debug|Any CPU
		{73ED7542-8B45-4AE2-AF3B-611F5CD9F963}.Debug|Any CPU.Build.0 = Debug|Any CPU
		{73ED7542-8B45-4AE2-AF3B-611F5CD9F963}.Release|Any CPU.ActiveCfg = Release|Any CPU
		{73ED7542-8B45-4AE2-AF3B-611F5CD9F963}.Release|Any CPU.Build.0 = Release|Any CPU
		{048B61F5-C707-43C8-A627-776B008EB03C}.Debug|Any CPU.ActiveCfg = Debug|Any CPU
		{048B61F5-C707-43C8-A627-776B008EB03C}.Debug|Any CPU.Build.0 = Debug|Any CPU
		{048B61F5-C707-43C8-A627-776B008EB03C}.Release|Any CPU.ActiveCfg = Release|Any CPU
		{048B61F5-C707-43C8-A627-776B008EB03C}.Release|Any CPU.Build.0 = Release|Any CPU
		{81FF0440-BF0E-47E3-9CA2-31E260627A71}.Debug|Any CPU.ActiveCfg = Debug|Any CPU
		{81FF0440-BF0E-47E3-9CA2-31E260627A71}.Debug|Any CPU.Build.0 = Debug|Any CPU
		{81FF0440-BF0E-47E3-9CA2-31E260627A71}.Release|Any CPU.ActiveCfg = Release|Any CPU
		{81FF0440-BF0E-47E3-9CA2-31E260627A71}.Release|Any CPU.Build.0 = Release|Any CPU
		{C3716F30-1E77-4611-8096-D07E9671E8F5}.Debug|Any CPU.ActiveCfg = Debug|Any CPU
		{C3716F30-1E77-4611-8096-D07E9671E8F5}.Debug|Any CPU.Build.0 = Debug|Any CPU
		{C3716F30-1E77-4611-8096-D07E9671E8F5}.Release|Any CPU.ActiveCfg = Release|Any CPU
		{C3716F30-1E77-4611-8096-D07E9671E8F5}.Release|Any CPU.Build.0 = Release|Any CPU
		{B6B04F3A-B783-4DC5-9ABB-99D1DAE9C135}.Debug|Any CPU.ActiveCfg = Debug|Any CPU
		{B6B04F3A-B783-4DC5-9ABB-99D1DAE9C135}.Debug|Any CPU.Build.0 = Debug|Any CPU
		{B6B04F3A-B783-4DC5-9ABB-99D1DAE9C135}.Release|Any CPU.ActiveCfg = Release|Any CPU
		{B6B04F3A-B783-4DC5-9ABB-99D1DAE9C135}.Release|Any CPU.Build.0 = Release|Any CPU
		{4696F083-D6C1-46E1-948C-1CFDB59EE537}.Debug|Any CPU.ActiveCfg = Debug|Any CPU
		{4696F083-D6C1-46E1-948C-1CFDB59EE537}.Debug|Any CPU.Build.0 = Debug|Any CPU
		{4696F083-D6C1-46E1-948C-1CFDB59EE537}.Release|Any CPU.ActiveCfg = Release|Any CPU
		{4696F083-D6C1-46E1-948C-1CFDB59EE537}.Release|Any CPU.Build.0 = Release|Any CPU
	EndGlobalSection
	GlobalSection(SolutionProperties) = preSolution
		HideSolutionNode = FALSE
	EndGlobalSection
	GlobalSection(ExtensibilityGlobals) = postSolution
		SolutionGuid = {7BF1A9C0-8FD5-43CF-8B9A-7EC09EBC80D4}
	EndGlobalSection
EndGlobal
